
Microsoft Visual Studio Solution File, Format Version 12.00
# Visual Studio Version 17
VisualStudioVersion = 17.7.34018.315
MinimumVisualStudioVersion = 10.0.40219.1
Project("{888888A0-9F3D-457C-B088-3A5042F75D52}") = "KursVouajer", "KursVouajer.pyproj", "{99924F7F-F738-4865-B9D0-413D8898E530}"
EndProject
Global
	GlobalSection(SolutionConfigurationPlatforms) = preSolution
		Debug|Any CPU = Debug|Any CPU
		Release|Any CPU = Release|Any CPU
	EndGlobalSection
	GlobalSection(ProjectConfigurationPlatforms) = postSolution
		{99924F7F-F738-4865-B9D0-413D8898E530}.Debug|Any CPU.ActiveCfg = Debug|Any CPU
		{99924F7F-F738-4865-B9D0-413D8898E530}.Release|Any CPU.ActiveCfg = Release|Any CPU
	EndGlobalSection
	GlobalSection(SolutionProperties) = preSolution
		HideSolutionNode = FALSE
	EndGlobalSection
	GlobalSection(ExtensibilityGlobals) = postSolution
		SolutionGuid = {FF20DCB9-FDDC-4C34-A62B-5A54A5922740}
	EndGlobalSection
EndGlobal
